
Microsoft Visual Studio Solution File, Format Version 12.00
# Visual Studio Version 17
VisualStudioVersion = 17.11.35312.102
MinimumVisualStudioVersion = 10.0.40219.1
Project("{FAE04EC0-301F-11D3-BF4B-00C04F79EFBC}") = "QuizBuzzClass", "QuizBuzzClass\QuizBuzzClass.csproj", "{F7AAE3E8-AC16-4BF7-AC31-CDFE9C6356C9}"
EndProject
Project("{FAE04EC0-301F-11D3-BF4B-00C04F79EFBC}") = "QuizzBuzzMain", "QuizzBuzzMain\QuizzBuzzMain.csproj", "{81123B28-C185-4E35-988D-B144F783B55C}"
EndProject
Global
	GlobalSection(SolutionConfigurationPlatforms) = preSolution
		Debug|Any CPU = Debug|Any CPU
		Release|Any CPU = Release|Any CPU
	EndGlobalSection
	GlobalSection(ProjectConfigurationPlatforms) = postSolution
		{F7AAE3E8-AC16-4BF7-AC31-CDFE9C6356C9}.Debug|Any CPU.ActiveCfg = Debug|Any CPU
		{F7AAE3E8-AC16-4BF7-AC31-CDFE9C6356C9}.Debug|Any CPU.Build.0 = Debug|Any CPU
		{F7AAE3E8-AC16-4BF7-AC31-CDFE9C6356C9}.Release|Any CPU.ActiveCfg = Release|Any CPU
		{F7AAE3E8-AC16-4BF7-AC31-CDFE9C6356C9}.Release|Any CPU.Build.0 = Release|Any CPU
		{81123B28-C185-4E35-988D-B144F783B55C}.Debug|Any CPU.ActiveCfg = Debug|Any CPU
		{81123B28-C185-4E35-988D-B144F783B55C}.Debug|Any CPU.Build.0 = Debug|Any CPU
		{81123B28-C185-4E35-988D-B144F783B55C}.Release|Any CPU.ActiveCfg = Release|Any CPU
		{81123B28-C185-4E35-988D-B144F783B55C}.Release|Any CPU.Build.0 = Release|Any CPU
	EndGlobalSection
	GlobalSection(SolutionProperties) = preSolution
		HideSolutionNode = FALSE
	EndGlobalSection
	GlobalSection(ExtensibilityGlobals) = postSolution
		SolutionGuid = {A6353F5F-3E00-462D-9DAA-C9EE19857DFC}
	EndGlobalSection
EndGlobal
